
Microsoft Visual Studio Solution File, Format Version 12.00
# Visual Studio 15
VisualStudioVersion = 15.0.27004.2009
MinimumVisualStudioVersion = 15.0.26124.0
Project("{2150E333-8FDC-42A3-9474-1A3956D46DE8}") = "src", "src", "{FA9E30E8-5963-4B84-92B9-11DD9CCBFBA4}"
EndProject
Project("{2150E333-8FDC-42A3-9474-1A3956D46DE8}") = "tests", "tests", "{0F6AC6BE-A5F3-4E4F-B5E2-877066FC5BD1}"
EndProject
Project("{FAE04EC0-301F-11D3-BF4B-00C04F79EFBC}") = "CSharpExtensions.Core", "src\CSharpExtensions.Core\CSharpExtensions.Core.csproj", "{F44F6582-24FB-442A-897B-6E688BF90A61}"
EndProject
Project("{FAE04EC0-301F-11D3-BF4B-00C04F79EFBC}") = "CSharpExtensions.Tests", "tests\CSharpExtensions.Tests\CSharpExtensions.Tests.csproj", "{D4EBDFBA-C092-456F-9D9E-A13EC03A026D}"
EndProject
Global
	GlobalSection(SolutionConfigurationPlatforms) = preSolution
		Debug|Any CPU = Debug|Any CPU
		Debug|x64 = Debug|x64
		Debug|x86 = Debug|x86
		Release|Any CPU = Release|Any CPU
		Release|x64 = Release|x64
		Release|x86 = Release|x86
	EndGlobalSection
	GlobalSection(ProjectConfigurationPlatforms) = postSolution
		{F44F6582-24FB-442A-897B-6E688BF90A61}.Debug|Any CPU.ActiveCfg = Debug|Any CPU
		{F44F6582-24FB-442A-897B-6E688BF90A61}.Debug|Any CPU.Build.0 = Debug|Any CPU
		{F44F6582-24FB-442A-897B-6E688BF90A61}.Debug|x64.ActiveCfg = Debug|Any CPU
		{F44F6582-24FB-442A-897B-6E688BF90A61}.Debug|x64.Build.0 = Debug|Any CPU
		{F44F6582-24FB-442A-897B-6E688BF90A61}.Debug|x86.ActiveCfg = Debug|Any CPU
		{F44F6582-24FB-442A-897B-6E688BF90A61}.Debug|x86.Build.0 = Debug|Any CPU
		{F44F6582-24FB-442A-897B-6E688BF90A61}.Release|Any CPU.ActiveCfg = Release|Any CPU
		{F44F6582-24FB-442A-897B-6E688BF90A61}.Release|Any CPU.Build.0 = Release|Any CPU
		{F44F6582-24FB-442A-897B-6E688BF90A61}.Release|x64.ActiveCfg = Release|Any CPU
		{F44F6582-24FB-442A-897B-6E688BF90A61}.Release|x64.Build.0 = Release|Any CPU
		{F44F6582-24FB-442A-897B-6E688BF90A61}.Release|x86.ActiveCfg = Release|Any CPU
		{F44F6582-24FB-442A-897B-6E688BF90A61}.Release|x86.Build.0 = Release|Any CPU
		{D4EBDFBA-C092-456F-9D9E-A13EC03A026D}.Debug|Any CPU.ActiveCfg = Debug|Any CPU
		{D4EBDFBA-C092-456F-9D9E-A13EC03A026D}.Debug|Any CPU.Build.0 = Debug|Any CPU
		{D4EBDFBA-C092-456F-9D9E-A13EC03A026D}.Debug|x64.ActiveCfg = Debug|Any CPU
		{D4EBDFBA-C092-456F-9D9E-A13EC03A026D}.Debug|x64.Build.0 = Debug|Any CPU
		{D4EBDFBA-C092-456F-9D9E-A13EC03A026D}.Debug|x86.ActiveCfg = Debug|Any CPU
		{D4EBDFBA-C092-456F-9D9E-A13EC03A026D}.Debug|x86.Build.0 = Debug|Any CPU
		{D4EBDFBA-C092-456F-9D9E-A13EC03A026D}.Release|Any CPU.ActiveCfg = Release|Any CPU
		{D4EBDFBA-C092-456F-9D9E-A13EC03A026D}.Release|Any CPU.Build.0 = Release|Any CPU
		{D4EBDFBA-C092-456F-9D9E-A13EC03A026D}.Release|x64.ActiveCfg = Release|Any CPU
		{D4EBDFBA-C092-456F-9D9E-A13EC03A026D}.Release|x64.Build.0 = Release|Any CPU
		{D4EBDFBA-C092-456F-9D9E-A13EC03A026D}.Release|x86.ActiveCfg = Release|Any CPU
		{D4EBDFBA-C092-456F-9D9E-A13EC03A026D}.Release|x86.Build.0 = Release|Any CPU
	EndGlobalSection
	GlobalSection(SolutionProperties) = preSolution
		HideSolutionNode = FALSE
	EndGlobalSection
	GlobalSection(NestedProjects) = preSolution
		{F44F6582-24FB-442A-897B-6E688BF90A61} = {FA9E30E8-5963-4B84-92B9-11DD9CCBFBA4}
		{D4EBDFBA-C092-456F-9D9E-A13EC03A026D} = {0F6AC6BE-A5F3-4E4F-B5E2-877066FC5BD1}
	EndGlobalSection
	GlobalSection(ExtensibilityGlobals) = postSolution
		SolutionGuid = {F5175C6E-F195-4B70-BCF7-4AE7032C29FC}
	EndGlobalSection
EndGlobal
